
Microsoft Visual Studio Solution File, Format Version 11.00
# Visual Studio 2010
Project("{FAE04EC0-301F-11D3-BF4B-00C04F79EFBC}") = "EyeTracker", "EyeTracker\EyeTracker.csproj", "{A4744B5C-1F7E-413D-8F64-36A866D0838E}"
EndProject
Project("{FAE04EC0-301F-11D3-BF4B-00C04F79EFBC}") = "EyeTracker.Tests", "EyeTracker.Tests\EyeTracker.Tests.csproj", "{F4E2C76F-172E-4020-920E-E070839C9AF1}"
EndProject
Project("{FAE04EC0-301F-11D3-BF4B-00C04F79EFBC}") = "EyeTracker.Common", "EyeTracker.Model\EyeTracker.Common.csproj", "{F5D9FA27-BAAF-4B4B-97F0-0A71F2210009}"
EndProject
Project("{FAE04EC0-301F-11D3-BF4B-00C04F79EFBC}") = "EyeTracker.DAL", "EyeTracker.DAL\EyeTracker.DAL.csproj", "{726E47E8-4DA8-4BDF-96E2-9E9CE6EB1454}"
EndProject
Project("{FAE04EC0-301F-11D3-BF4B-00C04F79EFBC}") = "EyeTracker.Core", "EyeTracker.Core\EyeTracker.Core.csproj", "{28075AB1-E262-4FBC-846C-BF11A6E5FE41}"
EndProject
Project("{FAE04EC0-301F-11D3-BF4B-00C04F79EFBC}") = "EyeTracker.BackOffice", "EyeTracker.BackOffice\EyeTracker.BackOffice.csproj", "{8EF2A901-976F-4385-BAFB-8AB746432E60}"
EndProject
Project("{FAE04EC0-301F-11D3-BF4B-00C04F79EFBC}") = "EyeTracker.Domain", "EyeTracker.Domain\EyeTracker.Domain.csproj", "{6225C68F-4446-41B2-B774-316A5F04001A}"
EndProject
Project("{FAE04EC0-301F-11D3-BF4B-00C04F79EFBC}") = "EyeTracker.API", "EyeTracker.API\EyeTracker.API.csproj", "{73C6838B-6431-4C7F-B73C-3A6E517A80A5}"
EndProject
Project("{FAE04EC0-301F-11D3-BF4B-00C04F79EFBC}") = "EyeTracker.API.BL", "EyeTracker.API.BL\EyeTracker.API.BL.csproj", "{7DA3577D-A8EE-481E-9725-D15637E9C121}"
EndProject
Project("{FAE04EC0-301F-11D3-BF4B-00C04F79EFBC}") = "EyeTracker.Static", "EyeTracker.Static\EyeTracker.Static.csproj", "{50B3F42B-288E-4133-9DD1-0DC0B9D2081A}"
EndProject
Project("{2150E333-8FDC-42A3-9474-1A3956D46DE8}") = "Tester", "Tester", "{F08B7183-1513-473B-B6C0-067A69D9267F}"
EndProject
Project("{FAE04EC0-301F-11D3-BF4B-00C04F79EFBC}") = "EyeTracker.Service.Tester", "EyeTracker.Service.Tester\EyeTracker.Service.Tester.csproj", "{A717CC4F-04CD-4ED2-B2EB-0BE511C5A0D3}"
EndProject
Project("{C8D11400-126E-41CD-887F-60BD40844F9E}") = "Database", "Database\Database.dbproj", "{67CBC824-A49E-4E9B-A947-360F3DFE65C3}"
EndProject
Global
	GlobalSection(SubversionScc) = preSolution
		Svn-Managed = True
		Manager = AnkhSVN - Subversion Support for Visual Studio
	EndGlobalSection
	GlobalSection(SolutionConfigurationPlatforms) = preSolution
		Debug|Any CPU = Debug|Any CPU
		Debug|Mixed Platforms = Debug|Mixed Platforms
		Debug|x86 = Debug|x86
		JsUnitTest|Any CPU = JsUnitTest|Any CPU
		JsUnitTest|Mixed Platforms = JsUnitTest|Mixed Platforms
		JsUnitTest|x86 = JsUnitTest|x86
		Release|Any CPU = Release|Any CPU
		Release|Mixed Platforms = Release|Mixed Platforms
		Release|x86 = Release|x86
	EndGlobalSection
	GlobalSection(ProjectConfigurationPlatforms) = postSolution
		{A4744B5C-1F7E-413D-8F64-36A866D0838E}.Debug|Any CPU.ActiveCfg = Debug|Any CPU
		{A4744B5C-1F7E-413D-8F64-36A866D0838E}.Debug|Any CPU.Build.0 = Debug|Any CPU
		{A4744B5C-1F7E-413D-8F64-36A866D0838E}.Debug|Mixed Platforms.ActiveCfg = Debug|Any CPU
		{A4744B5C-1F7E-413D-8F64-36A866D0838E}.Debug|Mixed Platforms.Build.0 = Debug|Any CPU
		{A4744B5C-1F7E-413D-8F64-36A866D0838E}.Debug|x86.ActiveCfg = Debug|Any CPU
		{A4744B5C-1F7E-413D-8F64-36A866D0838E}.JsUnitTest|Any CPU.ActiveCfg = UnitTest|Any CPU
		{A4744B5C-1F7E-413D-8F64-36A866D0838E}.JsUnitTest|Any CPU.Build.0 = UnitTest|Any CPU
		{A4744B5C-1F7E-413D-8F64-36A866D0838E}.JsUnitTest|Mixed Platforms.ActiveCfg = UnitTest|Any CPU
		{A4744B5C-1F7E-413D-8F64-36A866D0838E}.JsUnitTest|Mixed Platforms.Build.0 = UnitTest|Any CPU
		{A4744B5C-1F7E-413D-8F64-36A866D0838E}.JsUnitTest|x86.ActiveCfg = UnitTest|Any CPU
		{A4744B5C-1F7E-413D-8F64-36A866D0838E}.Release|Any CPU.ActiveCfg = Release|Any CPU
		{A4744B5C-1F7E-413D-8F64-36A866D0838E}.Release|Any CPU.Build.0 = Release|Any CPU
		{A4744B5C-1F7E-413D-8F64-36A866D0838E}.Release|Mixed Platforms.ActiveCfg = Release|Any CPU
		{A4744B5C-1F7E-413D-8F64-36A866D0838E}.Release|Mixed Platforms.Build.0 = Release|Any CPU
		{A4744B5C-1F7E-413D-8F64-36A866D0838E}.Release|x86.ActiveCfg = Release|Any CPU
		{F4E2C76F-172E-4020-920E-E070839C9AF1}.Debug|Any CPU.ActiveCfg = Debug|Any CPU
		{F4E2C76F-172E-4020-920E-E070839C9AF1}.Debug|Mixed Platforms.ActiveCfg = Debug|Any CPU
		{F4E2C76F-172E-4020-920E-E070839C9AF1}.Debug|Mixed Platforms.Build.0 = Debug|Any CPU
		{F4E2C76F-172E-4020-920E-E070839C9AF1}.Debug|x86.ActiveCfg = Debug|Any CPU
		{F4E2C76F-172E-4020-920E-E070839C9AF1}.JsUnitTest|Any CPU.ActiveCfg = UnitTest|Any CPU
		{F4E2C76F-172E-4020-920E-E070839C9AF1}.JsUnitTest|Any CPU.Build.0 = UnitTest|Any CPU
		{F4E2C76F-172E-4020-920E-E070839C9AF1}.JsUnitTest|Mixed Platforms.ActiveCfg = UnitTest|Any CPU
		{F4E2C76F-172E-4020-920E-E070839C9AF1}.JsUnitTest|Mixed Platforms.Build.0 = UnitTest|Any CPU
		{F4E2C76F-172E-4020-920E-E070839C9AF1}.JsUnitTest|x86.ActiveCfg = UnitTest|Any CPU
		{F4E2C76F-172E-4020-920E-E070839C9AF1}.Release|Any CPU.ActiveCfg = Release|Any CPU
		{F4E2C76F-172E-4020-920E-E070839C9AF1}.Release|Any CPU.Build.0 = Release|Any CPU
		{F4E2C76F-172E-4020-920E-E070839C9AF1}.Release|Mixed Platforms.ActiveCfg = Release|Any CPU
		{F4E2C76F-172E-4020-920E-E070839C9AF1}.Release|Mixed Platforms.Build.0 = Release|Any CPU
		{F4E2C76F-172E-4020-920E-E070839C9AF1}.Release|x86.ActiveCfg = Release|Any CPU
		{F5D9FA27-BAAF-4B4B-97F0-0A71F2210009}.Debug|Any CPU.ActiveCfg = Debug|Any CPU
		{F5D9FA27-BAAF-4B4B-97F0-0A71F2210009}.Debug|Any CPU.Build.0 = Debug|Any CPU
		{F5D9FA27-BAAF-4B4B-97F0-0A71F2210009}.Debug|Mixed Platforms.ActiveCfg = Debug|Any CPU
		{F5D9FA27-BAAF-4B4B-97F0-0A71F2210009}.Debug|Mixed Platforms.Build.0 = Debug|Any CPU
		{F5D9FA27-BAAF-4B4B-97F0-0A71F2210009}.Debug|x86.ActiveCfg = Debug|Any CPU
		{F5D9FA27-BAAF-4B4B-97F0-0A71F2210009}.JsUnitTest|Any CPU.ActiveCfg = UnitTest|Any CPU
		{F5D9FA27-BAAF-4B4B-97F0-0A71F2210009}.JsUnitTest|Any CPU.Build.0 = UnitTest|Any CPU
		{F5D9FA27-BAAF-4B4B-97F0-0A71F2210009}.JsUnitTest|Mixed Platforms.ActiveCfg = UnitTest|Any CPU
		{F5D9FA27-BAAF-4B4B-97F0-0A71F2210009}.JsUnitTest|Mixed Platforms.Build.0 = UnitTest|Any CPU
		{F5D9FA27-BAAF-4B4B-97F0-0A71F2210009}.JsUnitTest|x86.ActiveCfg = UnitTest|Any CPU
		{F5D9FA27-BAAF-4B4B-97F0-0A71F2210009}.Release|Any CPU.ActiveCfg = Release|Any CPU
		{F5D9FA27-BAAF-4B4B-97F0-0A71F2210009}.Release|Any CPU.Build.0 = Release|Any CPU
		{F5D9FA27-BAAF-4B4B-97F0-0A71F2210009}.Release|Mixed Platforms.ActiveCfg = Release|Any CPU
		{F5D9FA27-BAAF-4B4B-97F0-0A71F2210009}.Release|Mixed Platforms.Build.0 = Release|Any CPU
		{F5D9FA27-BAAF-4B4B-97F0-0A71F2210009}.Release|x86.ActiveCfg = Release|Any CPU
		{726E47E8-4DA8-4BDF-96E2-9E9CE6EB1454}.Debug|Any CPU.ActiveCfg = Debug|Any CPU
		{726E47E8-4DA8-4BDF-96E2-9E9CE6EB1454}.Debug|Any CPU.Build.0 = Debug|Any CPU
		{726E47E8-4DA8-4BDF-96E2-9E9CE6EB1454}.Debug|Mixed Platforms.ActiveCfg = Debug|Any CPU
		{726E47E8-4DA8-4BDF-96E2-9E9CE6EB1454}.Debug|Mixed Platforms.Build.0 = Debug|Any CPU
		{726E47E8-4DA8-4BDF-96E2-9E9CE6EB1454}.Debug|x86.ActiveCfg = Debug|Any CPU
		{726E47E8-4DA8-4BDF-96E2-9E9CE6EB1454}.JsUnitTest|Any CPU.ActiveCfg = UnitTest|Any CPU
		{726E47E8-4DA8-4BDF-96E2-9E9CE6EB1454}.JsUnitTest|Any CPU.Build.0 = UnitTest|Any CPU
		{726E47E8-4DA8-4BDF-96E2-9E9CE6EB1454}.JsUnitTest|Mixed Platforms.ActiveCfg = UnitTest|Any CPU
		{726E47E8-4DA8-4BDF-96E2-9E9CE6EB1454}.JsUnitTest|Mixed Platforms.Build.0 = UnitTest|Any CPU
		{726E47E8-4DA8-4BDF-96E2-9E9CE6EB1454}.JsUnitTest|x86.ActiveCfg = UnitTest|Any CPU
		{726E47E8-4DA8-4BDF-96E2-9E9CE6EB1454}.Release|Any CPU.ActiveCfg = Release|Any CPU
		{726E47E8-4DA8-4BDF-96E2-9E9CE6EB1454}.Release|Any CPU.Build.0 = Release|Any CPU
		{726E47E8-4DA8-4BDF-96E2-9E9CE6EB1454}.Release|Mixed Platforms.ActiveCfg = Release|Any CPU
		{726E47E8-4DA8-4BDF-96E2-9E9CE6EB1454}.Release|Mixed Platforms.Build.0 = Release|Any CPU
		{726E47E8-4DA8-4BDF-96E2-9E9CE6EB1454}.Release|x86.ActiveCfg = Release|Any CPU
		{28075AB1-E262-4FBC-846C-BF11A6E5FE41}.Debug|Any CPU.ActiveCfg = Debug|Any CPU
		{28075AB1-E262-4FBC-846C-BF11A6E5FE41}.Debug|Any CPU.Build.0 = Debug|Any CPU
		{28075AB1-E262-4FBC-846C-BF11A6E5FE41}.Debug|Mixed Platforms.ActiveCfg = Debug|Any CPU
		{28075AB1-E262-4FBC-846C-BF11A6E5FE41}.Debug|Mixed Platforms.Build.0 = Debug|Any CPU
		{28075AB1-E262-4FBC-846C-BF11A6E5FE41}.Debug|x86.ActiveCfg = Debug|Any CPU
		{28075AB1-E262-4FBC-846C-BF11A6E5FE41}.JsUnitTest|Any CPU.ActiveCfg = UnitTest|Any CPU
		{28075AB1-E262-4FBC-846C-BF11A6E5FE41}.JsUnitTest|Any CPU.Build.0 = UnitTest|Any CPU
		{28075AB1-E262-4FBC-846C-BF11A6E5FE41}.JsUnitTest|Mixed Platforms.ActiveCfg = UnitTest|Any CPU
		{28075AB1-E262-4FBC-846C-BF11A6E5FE41}.JsUnitTest|Mixed Platforms.Build.0 = UnitTest|Any CPU
		{28075AB1-E262-4FBC-846C-BF11A6E5FE41}.JsUnitTest|x86.ActiveCfg = UnitTest|Any CPU
		{28075AB1-E262-4FBC-846C-BF11A6E5FE41}.Release|Any CPU.ActiveCfg = Release|Any CPU
		{28075AB1-E262-4FBC-846C-BF11A6E5FE41}.Release|Any CPU.Build.0 = Release|Any CPU
		{28075AB1-E262-4FBC-846C-BF11A6E5FE41}.Release|Mixed Platforms.ActiveCfg = Release|Any CPU
		{28075AB1-E262-4FBC-846C-BF11A6E5FE41}.Release|Mixed Platforms.Build.0 = Release|Any CPU
		{28075AB1-E262-4FBC-846C-BF11A6E5FE41}.Release|x86.ActiveCfg = Release|Any CPU
		{8EF2A901-976F-4385-BAFB-8AB746432E60}.Debug|Any CPU.ActiveCfg = Debug|Any CPU
		{8EF2A901-976F-4385-BAFB-8AB746432E60}.Debug|Any CPU.Build.0 = Debug|Any CPU
		{8EF2A901-976F-4385-BAFB-8AB746432E60}.Debug|Mixed Platforms.ActiveCfg = Debug|Any CPU
		{8EF2A901-976F-4385-BAFB-8AB746432E60}.Debug|Mixed Platforms.Build.0 = Debug|Any CPU
		{8EF2A901-976F-4385-BAFB-8AB746432E60}.Debug|x86.ActiveCfg = Debug|Any CPU
		{8EF2A901-976F-4385-BAFB-8AB746432E60}.JsUnitTest|Any CPU.ActiveCfg = UnitTest|Any CPU
		{8EF2A901-976F-4385-BAFB-8AB746432E60}.JsUnitTest|Any CPU.Build.0 = UnitTest|Any CPU
		{8EF2A901-976F-4385-BAFB-8AB746432E60}.JsUnitTest|Mixed Platforms.ActiveCfg = UnitTest|Any CPU
		{8EF2A901-976F-4385-BAFB-8AB746432E60}.JsUnitTest|Mixed Platforms.Build.0 = UnitTest|Any CPU
		{8EF2A901-976F-4385-BAFB-8AB746432E60}.JsUnitTest|x86.ActiveCfg = UnitTest|Any CPU
		{8EF2A901-976F-4385-BAFB-8AB746432E60}.Release|Any CPU.ActiveCfg = Release|Any CPU
		{8EF2A901-976F-4385-BAFB-8AB746432E60}.Release|Any CPU.Build.0 = Release|Any CPU
		{8EF2A901-976F-4385-BAFB-8AB746432E60}.Release|Mixed Platforms.ActiveCfg = Release|Any CPU
		{8EF2A901-976F-4385-BAFB-8AB746432E60}.Release|Mixed Platforms.Build.0 = Release|Any CPU
		{8EF2A901-976F-4385-BAFB-8AB746432E60}.Release|x86.ActiveCfg = Release|Any CPU
		{6225C68F-4446-41B2-B774-316A5F04001A}.Debug|Any CPU.ActiveCfg = Debug|Any CPU
		{6225C68F-4446-41B2-B774-316A5F04001A}.Debug|Any CPU.Build.0 = Debug|Any CPU
		{6225C68F-4446-41B2-B774-316A5F04001A}.Debug|Mixed Platforms.ActiveCfg = Debug|Any CPU
		{6225C68F-4446-41B2-B774-316A5F04001A}.Debug|Mixed Platforms.Build.0 = Debug|Any CPU
		{6225C68F-4446-41B2-B774-316A5F04001A}.Debug|x86.ActiveCfg = Debug|Any CPU
		{6225C68F-4446-41B2-B774-316A5F04001A}.JsUnitTest|Any CPU.ActiveCfg = Release|Any CPU
		{6225C68F-4446-41B2-B774-316A5F04001A}.JsUnitTest|Any CPU.Build.0 = Release|Any CPU
		{6225C68F-4446-41B2-B774-316A5F04001A}.JsUnitTest|Mixed Platforms.ActiveCfg = Release|Any CPU
		{6225C68F-4446-41B2-B774-316A5F04001A}.JsUnitTest|Mixed Platforms.Build.0 = Release|Any CPU
		{6225C68F-4446-41B2-B774-316A5F04001A}.JsUnitTest|x86.ActiveCfg = Release|Any CPU
		{6225C68F-4446-41B2-B774-316A5F04001A}.Release|Any CPU.ActiveCfg = Release|Any CPU
		{6225C68F-4446-41B2-B774-316A5F04001A}.Release|Any CPU.Build.0 = Release|Any CPU
		{6225C68F-4446-41B2-B774-316A5F04001A}.Release|Mixed Platforms.ActiveCfg = Release|Any CPU
		{6225C68F-4446-41B2-B774-316A5F04001A}.Release|Mixed Platforms.Build.0 = Release|Any CPU
		{6225C68F-4446-41B2-B774-316A5F04001A}.Release|x86.ActiveCfg = Release|Any CPU
		{73C6838B-6431-4C7F-B73C-3A6E517A80A5}.Debug|Any CPU.ActiveCfg = Debug|Any CPU
		{73C6838B-6431-4C7F-B73C-3A6E517A80A5}.Debug|Any CPU.Build.0 = Debug|Any CPU
		{73C6838B-6431-4C7F-B73C-3A6E517A80A5}.Debug|Mixed Platforms.ActiveCfg = Debug|Any CPU
		{73C6838B-6431-4C7F-B73C-3A6E517A80A5}.Debug|Mixed Platforms.Build.0 = Debug|Any CPU
		{73C6838B-6431-4C7F-B73C-3A6E517A80A5}.Debug|x86.ActiveCfg = Debug|Any CPU
		{73C6838B-6431-4C7F-B73C-3A6E517A80A5}.JsUnitTest|Any CPU.ActiveCfg = Release|Any CPU
		{73C6838B-6431-4C7F-B73C-3A6E517A80A5}.JsUnitTest|Any CPU.Build.0 = Release|Any CPU
		{73C6838B-6431-4C7F-B73C-3A6E517A80A5}.JsUnitTest|Mixed Platforms.ActiveCfg = Release|Any CPU
		{73C6838B-6431-4C7F-B73C-3A6E517A80A5}.JsUnitTest|Mixed Platforms.Build.0 = Release|Any CPU
		{73C6838B-6431-4C7F-B73C-3A6E517A80A5}.JsUnitTest|x86.ActiveCfg = Release|Any CPU
		{73C6838B-6431-4C7F-B73C-3A6E517A80A5}.Release|Any CPU.ActiveCfg = Release|Any CPU
		{73C6838B-6431-4C7F-B73C-3A6E517A80A5}.Release|Any CPU.Build.0 = Release|Any CPU
		{73C6838B-6431-4C7F-B73C-3A6E517A80A5}.Release|Mixed Platforms.ActiveCfg = Release|Any CPU
		{73C6838B-6431-4C7F-B73C-3A6E517A80A5}.Release|Mixed Platforms.Build.0 = Release|Any CPU
		{73C6838B-6431-4C7F-B73C-3A6E517A80A5}.Release|x86.ActiveCfg = Release|Any CPU
		{7DA3577D-A8EE-481E-9725-D15637E9C121}.Debug|Any CPU.ActiveCfg = Debug|Any CPU
		{7DA3577D-A8EE-481E-9725-D15637E9C121}.Debug|Any CPU.Build.0 = Debug|Any CPU
		{7DA3577D-A8EE-481E-9725-D15637E9C121}.Debug|Mixed Platforms.ActiveCfg = Debug|Any CPU
		{7DA3577D-A8EE-481E-9725-D15637E9C121}.Debug|Mixed Platforms.Build.0 = Debug|Any CPU
		{7DA3577D-A8EE-481E-9725-D15637E9C121}.Debug|x86.ActiveCfg = Debug|Any CPU
		{7DA3577D-A8EE-481E-9725-D15637E9C121}.JsUnitTest|Any CPU.ActiveCfg = Release|Any CPU
		{7DA3577D-A8EE-481E-9725-D15637E9C121}.JsUnitTest|Any CPU.Build.0 = Release|Any CPU
		{7DA3577D-A8EE-481E-9725-D15637E9C121}.JsUnitTest|Mixed Platforms.ActiveCfg = Release|Any CPU
		{7DA3577D-A8EE-481E-9725-D15637E9C121}.JsUnitTest|Mixed Platforms.Build.0 = Release|Any CPU
		{7DA3577D-A8EE-481E-9725-D15637E9C121}.JsUnitTest|x86.ActiveCfg = Release|Any CPU
		{7DA3577D-A8EE-481E-9725-D15637E9C121}.Release|Any CPU.ActiveCfg = Release|Any CPU
		{7DA3577D-A8EE-481E-9725-D15637E9C121}.Release|Any CPU.Build.0 = Release|Any CPU
		{7DA3577D-A8EE-481E-9725-D15637E9C121}.Release|Mixed Platforms.ActiveCfg = Release|Any CPU
		{7DA3577D-A8EE-481E-9725-D15637E9C121}.Release|Mixed Platforms.Build.0 = Release|Any CPU
		{7DA3577D-A8EE-481E-9725-D15637E9C121}.Release|x86.ActiveCfg = Release|Any CPU
		{50B3F42B-288E-4133-9DD1-0DC0B9D2081A}.Debug|Any CPU.ActiveCfg = Debug|Any CPU
		{50B3F42B-288E-4133-9DD1-0DC0B9D2081A}.Debug|Any CPU.Build.0 = Debug|Any CPU
		{50B3F42B-288E-4133-9DD1-0DC0B9D2081A}.Debug|Mixed Platforms.ActiveCfg = Debug|Any CPU
		{50B3F42B-288E-4133-9DD1-0DC0B9D2081A}.Debug|Mixed Platforms.Build.0 = Debug|Any CPU
		{50B3F42B-288E-4133-9DD1-0DC0B9D2081A}.Debug|x86.ActiveCfg = Debug|Any CPU
		{50B3F42B-288E-4133-9DD1-0DC0B9D2081A}.JsUnitTest|Any CPU.ActiveCfg = Release|Any CPU
		{50B3F42B-288E-4133-9DD1-0DC0B9D2081A}.JsUnitTest|Any CPU.Build.0 = Release|Any CPU
		{50B3F42B-288E-4133-9DD1-0DC0B9D2081A}.JsUnitTest|Mixed Platforms.ActiveCfg = Release|Any CPU
		{50B3F42B-288E-4133-9DD1-0DC0B9D2081A}.JsUnitTest|Mixed Platforms.Build.0 = Release|Any CPU
		{50B3F42B-288E-4133-9DD1-0DC0B9D2081A}.JsUnitTest|x86.ActiveCfg = Release|Any CPU
		{50B3F42B-288E-4133-9DD1-0DC0B9D2081A}.Release|Any CPU.ActiveCfg = Release|Any CPU
		{50B3F42B-288E-4133-9DD1-0DC0B9D2081A}.Release|Any CPU.Build.0 = Release|Any CPU
		{50B3F42B-288E-4133-9DD1-0DC0B9D2081A}.Release|Mixed Platforms.ActiveCfg = Release|Any CPU
		{50B3F42B-288E-4133-9DD1-0DC0B9D2081A}.Release|Mixed Platforms.Build.0 = Release|Any CPU
		{50B3F42B-288E-4133-9DD1-0DC0B9D2081A}.Release|x86.ActiveCfg = Release|Any CPU
		{A717CC4F-04CD-4ED2-B2EB-0BE511C5A0D3}.Debug|Any CPU.ActiveCfg = Debug|x86
		{A717CC4F-04CD-4ED2-B2EB-0BE511C5A0D3}.Debug|Mixed Platforms.ActiveCfg = Debug|x86
		{A717CC4F-04CD-4ED2-B2EB-0BE511C5A0D3}.Debug|Mixed Platforms.Build.0 = Debug|x86
		{A717CC4F-04CD-4ED2-B2EB-0BE511C5A0D3}.Debug|x86.ActiveCfg = Debug|x86
		{A717CC4F-04CD-4ED2-B2EB-0BE511C5A0D3}.Debug|x86.Build.0 = Debug|x86
		{A717CC4F-04CD-4ED2-B2EB-0BE511C5A0D3}.JsUnitTest|Any CPU.ActiveCfg = Release|x86
		{A717CC4F-04CD-4ED2-B2EB-0BE511C5A0D3}.JsUnitTest|Mixed Platforms.ActiveCfg = Release|x86
		{A717CC4F-04CD-4ED2-B2EB-0BE511C5A0D3}.JsUnitTest|Mixed Platforms.Build.0 = Release|x86
		{A717CC4F-04CD-4ED2-B2EB-0BE511C5A0D3}.JsUnitTest|x86.ActiveCfg = Release|x86
		{A717CC4F-04CD-4ED2-B2EB-0BE511C5A0D3}.JsUnitTest|x86.Build.0 = Release|x86
		{A717CC4F-04CD-4ED2-B2EB-0BE511C5A0D3}.Release|Any CPU.ActiveCfg = Release|x86
		{A717CC4F-04CD-4ED2-B2EB-0BE511C5A0D3}.Release|Mixed Platforms.ActiveCfg = Release|x86
		{A717CC4F-04CD-4ED2-B2EB-0BE511C5A0D3}.Release|Mixed Platforms.Build.0 = Release|x86
		{A717CC4F-04CD-4ED2-B2EB-0BE511C5A0D3}.Release|x86.ActiveCfg = Release|x86
		{A717CC4F-04CD-4ED2-B2EB-0BE511C5A0D3}.Release|x86.Build.0 = Release|x86
		{67CBC824-A49E-4E9B-A947-360F3DFE65C3}.Debug|Any CPU.ActiveCfg = Debug|Any CPU
		{67CBC824-A49E-4E9B-A947-360F3DFE65C3}.Debug|Any CPU.Build.0 = Debug|Any CPU
		{67CBC824-A49E-4E9B-A947-360F3DFE65C3}.Debug|Any CPU.Deploy.0 = Debug|Any CPU
		{67CBC824-A49E-4E9B-A947-360F3DFE65C3}.Debug|Mixed Platforms.ActiveCfg = Debug|Any CPU
		{67CBC824-A49E-4E9B-A947-360F3DFE65C3}.Debug|Mixed Platforms.Build.0 = Debug|Any CPU
		{67CBC824-A49E-4E9B-A947-360F3DFE65C3}.Debug|Mixed Platforms.Deploy.0 = Debug|Any CPU
		{67CBC824-A49E-4E9B-A947-360F3DFE65C3}.Debug|x86.ActiveCfg = Debug|Any CPU
		{67CBC824-A49E-4E9B-A947-360F3DFE65C3}.JsUnitTest|Any CPU.ActiveCfg = Debug|Any CPU
		{67CBC824-A49E-4E9B-A947-360F3DFE65C3}.JsUnitTest|Any CPU.Build.0 = Debug|Any CPU
		{67CBC824-A49E-4E9B-A947-360F3DFE65C3}.JsUnitTest|Any CPU.Deploy.0 = Debug|Any CPU
		{67CBC824-A49E-4E9B-A947-360F3DFE65C3}.JsUnitTest|Mixed Platforms.ActiveCfg = Debug|Any CPU
		{67CBC824-A49E-4E9B-A947-360F3DFE65C3}.JsUnitTest|Mixed Platforms.Build.0 = Debug|Any CPU
		{67CBC824-A49E-4E9B-A947-360F3DFE65C3}.JsUnitTest|Mixed Platforms.Deploy.0 = Debug|Any CPU
		{67CBC824-A49E-4E9B-A947-360F3DFE65C3}.JsUnitTest|x86.ActiveCfg = Debug|Any CPU
		{67CBC824-A49E-4E9B-A947-360F3DFE65C3}.Release|Any CPU.ActiveCfg = Release|Any CPU
		{67CBC824-A49E-4E9B-A947-360F3DFE65C3}.Release|Any CPU.Build.0 = Release|Any CPU
		{67CBC824-A49E-4E9B-A947-360F3DFE65C3}.Release|Any CPU.Deploy.0 = Release|Any CPU
		{67CBC824-A49E-4E9B-A947-360F3DFE65C3}.Release|Mixed Platforms.ActiveCfg = Release|Any CPU
		{67CBC824-A49E-4E9B-A947-360F3DFE65C3}.Release|Mixed Platforms.Build.0 = Release|Any CPU
		{67CBC824-A49E-4E9B-A947-360F3DFE65C3}.Release|Mixed Platforms.Deploy.0 = Release|Any CPU
		{67CBC824-A49E-4E9B-A947-360F3DFE65C3}.Release|x86.ActiveCfg = Release|Any CPU
	EndGlobalSection
	GlobalSection(SolutionProperties) = preSolution
		HideSolutionNode = FALSE
	EndGlobalSection
	GlobalSection(NestedProjects) = preSolution
		{A717CC4F-04CD-4ED2-B2EB-0BE511C5A0D3} = {F08B7183-1513-473B-B6C0-067A69D9267F}
	EndGlobalSection
EndGlobal
